
Microsoft Visual Studio Solution File, Format Version 12.00
# Visual Studio Version 17
VisualStudioVersion = 17.13.35818.85 d17.13
MinimumVisualStudioVersion = 10.0.40219.1
Project("{FAE04EC0-301F-11D3-BF4B-00C04F79EFBC}") = "FirmaCurierat", "FirmaCurierat\FirmaCurierat.csproj", "{2F0EF1E4-F4B8-468A-B63A-1551F8434243}"
EndProject
Global
	GlobalSection(SolutionConfigurationPlatforms) = preSolution
		Debug|Any CPU = Debug|Any CPU
		Release|Any CPU = Release|Any CPU
	EndGlobalSection
	GlobalSection(ProjectConfigurationPlatforms) = postSolution
		{2F0EF1E4-F4B8-468A-B63A-1551F8434243}.Debug|Any CPU.ActiveCfg = Debug|Any CPU
		{2F0EF1E4-F4B8-468A-B63A-1551F8434243}.Debug|Any CPU.Build.0 = Debug|Any CPU
		{2F0EF1E4-F4B8-468A-B63A-1551F8434243}.Release|Any CPU.ActiveCfg = Release|Any CPU
		{2F0EF1E4-F4B8-468A-B63A-1551F8434243}.Release|Any CPU.Build.0 = Release|Any CPU
	EndGlobalSection
	GlobalSection(SolutionProperties) = preSolution
		HideSolutionNode = FALSE
	EndGlobalSection
	GlobalSection(ExtensibilityGlobals) = postSolution
		SolutionGuid = {4C3EEDD3-F9B8-4F89-B62B-F0A382C12535}
	EndGlobalSection
EndGlobal
